
Microsoft Visual Studio Solution File, Format Version 12.00
# Visual Studio Version 17
VisualStudioVersion = 17.2.32630.192
MinimumVisualStudioVersion = 10.0.40219.1
Project("{FAE04EC0-301F-11D3-BF4B-00C04F79EFBC}") = "ABISOFT", "ABISOFT.csproj", "{9FCB9ACF-D8C5-4A87-BBAB-008F4FE14407}"
EndProject
Global
	GlobalSection(SolutionConfigurationPlatforms) = preSolution
		Debug|Any CPU = Debug|Any CPU
		Release|Any CPU = Release|Any CPU
	EndGlobalSection
	GlobalSection(ProjectConfigurationPlatforms) = postSolution
		{9FCB9ACF-D8C5-4A87-BBAB-008F4FE14407}.Debug|Any CPU.ActiveCfg = Debug|Any CPU
		{9FCB9ACF-D8C5-4A87-BBAB-008F4FE14407}.Debug|Any CPU.Build.0 = Debug|Any CPU
		{9FCB9ACF-D8C5-4A87-BBAB-008F4FE14407}.Release|Any CPU.ActiveCfg = Release|Any CPU
		{9FCB9ACF-D8C5-4A87-BBAB-008F4FE14407}.Release|Any CPU.Build.0 = Release|Any CPU
	EndGlobalSection
	GlobalSection(SolutionProperties) = preSolution
		HideSolutionNode = FALSE
	EndGlobalSection
	GlobalSection(ExtensibilityGlobals) = postSolution
		SolutionGuid = {209C653E-F61B-40E5-835C-33965A47B088}
	EndGlobalSection
EndGlobal
